
Microsoft Visual Studio Solution File, Format Version 12.00
# Visual Studio 15
VisualStudioVersion = 15.0.26730.12
MinimumVisualStudioVersion = 10.0.40219.1
Project("{FAE04EC0-301F-11D3-BF4B-00C04F79EFBC}") = "Excel2Oracle", "Excel2Oracle\Excel2Oracle.csproj", "{352B52FC-A256-4CAA-B8E7-F4832F2D17E8}"
EndProject
Global
	GlobalSection(SolutionConfigurationPlatforms) = preSolution
		Debug|Any CPU = Debug|Any CPU
		Release|Any CPU = Release|Any CPU
	EndGlobalSection
	GlobalSection(ProjectConfigurationPlatforms) = postSolution
		{352B52FC-A256-4CAA-B8E7-F4832F2D17E8}.Debug|Any CPU.ActiveCfg = Debug|Any CPU
		{352B52FC-A256-4CAA-B8E7-F4832F2D17E8}.Debug|Any CPU.Build.0 = Debug|Any CPU
		{352B52FC-A256-4CAA-B8E7-F4832F2D17E8}.Release|Any CPU.ActiveCfg = Release|Any CPU
		{352B52FC-A256-4CAA-B8E7-F4832F2D17E8}.Release|Any CPU.Build.0 = Release|Any CPU
	EndGlobalSection
	GlobalSection(SolutionProperties) = preSolution
		HideSolutionNode = FALSE
	EndGlobalSection
	GlobalSection(ExtensibilityGlobals) = postSolution
		SolutionGuid = {DE439E1F-BA02-4786-9476-9D8B7F8939CD}
	EndGlobalSection
EndGlobal
